
Microsoft Visual Studio Solution File, Format Version 12.00
# Visual Studio Version 17
VisualStudioVersion = 17.10.35122.118
MinimumVisualStudioVersion = 10.0.40219.1
Project("{FAE04EC0-301F-11D3-BF4B-00C04F79EFBC}") = "CustomAuth", "CustomAuth\CustomAuth.csproj", "{EC4D1E22-66A6-44C3-A529-DF3F0D300876}"
EndProject
Global
	GlobalSection(SolutionConfigurationPlatforms) = preSolution
		Debug|Any CPU = Debug|Any CPU
		Release|Any CPU = Release|Any CPU
	EndGlobalSection
	GlobalSection(ProjectConfigurationPlatforms) = postSolution
		{EC4D1E22-66A6-44C3-A529-DF3F0D300876}.Debug|Any CPU.ActiveCfg = Debug|Any CPU
		{EC4D1E22-66A6-44C3-A529-DF3F0D300876}.Debug|Any CPU.Build.0 = Debug|Any CPU
		{EC4D1E22-66A6-44C3-A529-DF3F0D300876}.Release|Any CPU.ActiveCfg = Release|Any CPU
		{EC4D1E22-66A6-44C3-A529-DF3F0D300876}.Release|Any CPU.Build.0 = Release|Any CPU
	EndGlobalSection
	GlobalSection(SolutionProperties) = preSolution
		HideSolutionNode = FALSE
	EndGlobalSection
	GlobalSection(ExtensibilityGlobals) = postSolution
		SolutionGuid = {C92F7DF9-E60A-449C-BBE4-F255A18C6878}
	EndGlobalSection
EndGlobal
